
Microsoft Visual Studio Solution File, Format Version 12.00
# Visual Studio Version 17
VisualStudioVersion = 17.3.32929.385
MinimumVisualStudioVersion = 10.0.40219.1
Project("{9A19103F-16F7-4668-BE54-9A1E7A4F7556}") = "ASP-111", "ASP-111\ASP-111.csproj", "{54FDADDE-2DA8-46D2-B84E-2225C39D6353}"
EndProject
Global
	GlobalSection(SolutionConfigurationPlatforms) = preSolution
		Debug|Any CPU = Debug|Any CPU
		Release|Any CPU = Release|Any CPU
	EndGlobalSection
	GlobalSection(ProjectConfigurationPlatforms) = postSolution
		{54FDADDE-2DA8-46D2-B84E-2225C39D6353}.Debug|Any CPU.ActiveCfg = Debug|Any CPU
		{54FDADDE-2DA8-46D2-B84E-2225C39D6353}.Debug|Any CPU.Build.0 = Debug|Any CPU
		{54FDADDE-2DA8-46D2-B84E-2225C39D6353}.Release|Any CPU.ActiveCfg = Release|Any CPU
		{54FDADDE-2DA8-46D2-B84E-2225C39D6353}.Release|Any CPU.Build.0 = Release|Any CPU
	EndGlobalSection
	GlobalSection(SolutionProperties) = preSolution
		HideSolutionNode = FALSE
	EndGlobalSection
	GlobalSection(ExtensibilityGlobals) = postSolution
		SolutionGuid = {539C01CA-05D2-4F3A-8C67-520849C1B5B5}
	EndGlobalSection
EndGlobal
